
Microsoft Visual Studio Solution File, Format Version 12.00
# Visual Studio Version 17
VisualStudioVersion = 17.4.33205.214
MinimumVisualStudioVersion = 10.0.40219.1
Project("{9A19103F-16F7-4668-BE54-9A1E7A4F7556}") = "MergeIncludes", "MergeIncludes\MergeIncludes.csproj", "{7671A16E-76AD-4176-B305-363A36341566}"
EndProject
Project("{9A19103F-16F7-4668-BE54-9A1E7A4F7556}") = "MergeIncludes.Tests", "MergeIncludes.Tests\MergeIncludes.Tests.csproj", "{0071106E-85FF-46CC-B371-305B664AED38}"
EndProject
Project("{9A19103F-16F7-4668-BE54-9A1E7A4F7556}") = "Spectre.Console.Extensions", "Spectre.Console.Extensions\Spectre.Console.Extensions.csproj", "{DE9A5D1F-4580-4835-89D8-1BF71EB97685}"
EndProject
Project("{2150E333-8FDC-42A3-9474-1A3956D46DE8}") = "Solution Items", "Solution Items", "{51338115-E012-47A0-A177-C159F2C4F8BC}"
	ProjectSection(SolutionItems) = preProject
		.gitignore = .gitignore
		LICENSE = LICENSE
		README.md = README.md
	EndProjectSection
EndProject
Global
	GlobalSection(SolutionConfigurationPlatforms) = preSolution
		Debug|Any CPU = Debug|Any CPU
		Release|Any CPU = Release|Any CPU
	EndGlobalSection
	GlobalSection(ProjectConfigurationPlatforms) = postSolution
		{7671A16E-76AD-4176-B305-363A36341566}.Debug|Any CPU.ActiveCfg = Debug|Any CPU
		{7671A16E-76AD-4176-B305-363A36341566}.Debug|Any CPU.Build.0 = Debug|Any CPU
		{7671A16E-76AD-4176-B305-363A36341566}.Release|Any CPU.ActiveCfg = Release|Any CPU
		{7671A16E-76AD-4176-B305-363A36341566}.Release|Any CPU.Build.0 = Release|Any CPU
		{0071106E-85FF-46CC-B371-305B664AED38}.Debug|Any CPU.ActiveCfg = Debug|Any CPU
		{0071106E-85FF-46CC-B371-305B664AED38}.Debug|Any CPU.Build.0 = Debug|Any CPU
		{0071106E-85FF-46CC-B371-305B664AED38}.Release|Any CPU.ActiveCfg = Release|Any CPU
		{0071106E-85FF-46CC-B371-305B664AED38}.Release|Any CPU.Build.0 = Release|Any CPU
		{DE9A5D1F-4580-4835-89D8-1BF71EB97685}.Debug|Any CPU.ActiveCfg = Debug|Any CPU
		{DE9A5D1F-4580-4835-89D8-1BF71EB97685}.Debug|Any CPU.Build.0 = Debug|Any CPU
		{DE9A5D1F-4580-4835-89D8-1BF71EB97685}.Release|Any CPU.ActiveCfg = Release|Any CPU
		{DE9A5D1F-4580-4835-89D8-1BF71EB97685}.Release|Any CPU.Build.0 = Release|Any CPU
	EndGlobalSection
	GlobalSection(SolutionProperties) = preSolution
		HideSolutionNode = FALSE
	EndGlobalSection
	GlobalSection(ExtensibilityGlobals) = postSolution
		SolutionGuid = {8B3583AE-4D76-4B50-A04D-C368D523E9DB}
	EndGlobalSection
EndGlobal
